
Microsoft Visual Studio Solution File, Format Version 12.00
# Visual Studio 2012
Project("{FAE04EC0-301F-11D3-BF4B-00C04F79EFBC}") = "GenericRepositorySample", "GenericRepositorySample\GenericRepositorySample.csproj", "{B2443091-D1F9-4628-A939-04143D9430F1}"
EndProject
Project("{FAE04EC0-301F-11D3-BF4B-00C04F79EFBC}") = "GenericRepositorySampleTest", "GenericRepositorySampleTest\GenericRepositorySampleTest.csproj", "{16BB8185-5A89-48F2-A722-505B47B331B7}"
EndProject
Global
	GlobalSection(SolutionConfigurationPlatforms) = preSolution
		Debug|Any CPU = Debug|Any CPU
		Release|Any CPU = Release|Any CPU
	EndGlobalSection
	GlobalSection(ProjectConfigurationPlatforms) = postSolution
		{B2443091-D1F9-4628-A939-04143D9430F1}.Debug|Any CPU.ActiveCfg = Debug|Any CPU
		{B2443091-D1F9-4628-A939-04143D9430F1}.Debug|Any CPU.Build.0 = Debug|Any CPU
		{B2443091-D1F9-4628-A939-04143D9430F1}.Release|Any CPU.ActiveCfg = Release|Any CPU
		{B2443091-D1F9-4628-A939-04143D9430F1}.Release|Any CPU.Build.0 = Release|Any CPU
		{16BB8185-5A89-48F2-A722-505B47B331B7}.Debug|Any CPU.ActiveCfg = Debug|Any CPU
		{16BB8185-5A89-48F2-A722-505B47B331B7}.Debug|Any CPU.Build.0 = Debug|Any CPU
		{16BB8185-5A89-48F2-A722-505B47B331B7}.Release|Any CPU.ActiveCfg = Release|Any CPU
		{16BB8185-5A89-48F2-A722-505B47B331B7}.Release|Any CPU.Build.0 = Release|Any CPU
	EndGlobalSection
	GlobalSection(SolutionProperties) = preSolution
		HideSolutionNode = FALSE
	EndGlobalSection
EndGlobal
